
Microsoft Visual Studio Solution File, Format Version 12.00
# Visual Studio Version 16
VisualStudioVersion = 16.0.31911.196
MinimumVisualStudioVersion = 10.0.40219.1
Project("{FAE04EC0-301F-11D3-BF4B-00C04F79EFBC}") = "BullsEye", "BullsEye\BullsEye.csproj", "{F1AD7EC1-BDE2-44A3-9D6A-6EEF6C579881}"
EndProject
Global
	GlobalSection(SolutionConfigurationPlatforms) = preSolution
		Debug|Any CPU = Debug|Any CPU
		Release|Any CPU = Release|Any CPU
	EndGlobalSection
	GlobalSection(ProjectConfigurationPlatforms) = postSolution
		{F1AD7EC1-BDE2-44A3-9D6A-6EEF6C579881}.Debug|Any CPU.ActiveCfg = Debug|Any CPU
		{F1AD7EC1-BDE2-44A3-9D6A-6EEF6C579881}.Debug|Any CPU.Build.0 = Debug|Any CPU
		{F1AD7EC1-BDE2-44A3-9D6A-6EEF6C579881}.Release|Any CPU.ActiveCfg = Release|Any CPU
		{F1AD7EC1-BDE2-44A3-9D6A-6EEF6C579881}.Release|Any CPU.Build.0 = Release|Any CPU
	EndGlobalSection
	GlobalSection(SolutionProperties) = preSolution
		HideSolutionNode = FALSE
	EndGlobalSection
	GlobalSection(ExtensibilityGlobals) = postSolution
		SolutionGuid = {6D4F9506-04AC-4EED-BA99-6E63550D634B}
	EndGlobalSection
EndGlobal
